
Microsoft Visual Studio Solution File, Format Version 12.00
# Visual Studio Version 16
VisualStudioVersion = 16.0.30907.101
MinimumVisualStudioVersion = 10.0.40219.1
Project("{FAE04EC0-301F-11D3-BF4B-00C04F79EFBC}") = "ControlFlowExc3", "ControlFlowExc3\ControlFlowExc3.csproj", "{BE50F6E9-81DF-4C82-AE42-16E0D34D7573}"
EndProject
Global
	GlobalSection(SolutionConfigurationPlatforms) = preSolution
		Debug|Any CPU = Debug|Any CPU
		Release|Any CPU = Release|Any CPU
	EndGlobalSection
	GlobalSection(ProjectConfigurationPlatforms) = postSolution
		{BE50F6E9-81DF-4C82-AE42-16E0D34D7573}.Debug|Any CPU.ActiveCfg = Debug|Any CPU
		{BE50F6E9-81DF-4C82-AE42-16E0D34D7573}.Debug|Any CPU.Build.0 = Debug|Any CPU
		{BE50F6E9-81DF-4C82-AE42-16E0D34D7573}.Release|Any CPU.ActiveCfg = Release|Any CPU
		{BE50F6E9-81DF-4C82-AE42-16E0D34D7573}.Release|Any CPU.Build.0 = Release|Any CPU
	EndGlobalSection
	GlobalSection(SolutionProperties) = preSolution
		HideSolutionNode = FALSE
	EndGlobalSection
	GlobalSection(ExtensibilityGlobals) = postSolution
		SolutionGuid = {1BE3B730-3EB2-4580-9FB7-038A61BF7797}
	EndGlobalSection
EndGlobal
